
Microsoft Visual Studio Solution File, Format Version 12.00
# Visual Studio 14
VisualStudioVersion = 14.0.23107.0
MinimumVisualStudioVersion = 10.0.40219.1
Project("{9092AA53-FB77-4645-B42D-1CCCA6BD08BD}") = "AdPie", "..\..\Visual Studio 2015\Projects\AdPie.njsproj", "{FB3E512E-6FAD-426C-A3B6-1A6D620EA081}"
EndProject
Global
	GlobalSection(SolutionConfigurationPlatforms) = preSolution
		Debug|Any CPU = Debug|Any CPU
		Release|Any CPU = Release|Any CPU
	EndGlobalSection
	GlobalSection(ProjectConfigurationPlatforms) = postSolution
		{FB3E512E-6FAD-426C-A3B6-1A6D620EA081}.Debug|Any CPU.ActiveCfg = Debug|Any CPU
		{FB3E512E-6FAD-426C-A3B6-1A6D620EA081}.Debug|Any CPU.Build.0 = Debug|Any CPU
		{FB3E512E-6FAD-426C-A3B6-1A6D620EA081}.Release|Any CPU.ActiveCfg = Release|Any CPU
		{FB3E512E-6FAD-426C-A3B6-1A6D620EA081}.Release|Any CPU.Build.0 = Release|Any CPU
	EndGlobalSection
	GlobalSection(SolutionProperties) = preSolution
		HideSolutionNode = FALSE
	EndGlobalSection
EndGlobal
